
Microsoft Visual Studio Solution File, Format Version 12.00
# Visual Studio Version 16
VisualStudioVersion = 16.0.31321.278
MinimumVisualStudioVersion = 10.0.40219.1
Project("{FAE04EC0-301F-11D3-BF4B-00C04F79EFBC}") = "HelpLone", "HelpLone.csproj", "{3CF76340-3363-442D-BC64-31741ED061DF}"
EndProject
Global
	GlobalSection(SolutionConfigurationPlatforms) = preSolution
		Debug|Any CPU = Debug|Any CPU
		Release|Any CPU = Release|Any CPU
	EndGlobalSection
	GlobalSection(ProjectConfigurationPlatforms) = postSolution
		{3CF76340-3363-442D-BC64-31741ED061DF}.Debug|Any CPU.ActiveCfg = Debug|Any CPU
		{3CF76340-3363-442D-BC64-31741ED061DF}.Debug|Any CPU.Build.0 = Debug|Any CPU
		{3CF76340-3363-442D-BC64-31741ED061DF}.Release|Any CPU.ActiveCfg = Release|Any CPU
		{3CF76340-3363-442D-BC64-31741ED061DF}.Release|Any CPU.Build.0 = Release|Any CPU
	EndGlobalSection
	GlobalSection(SolutionProperties) = preSolution
		HideSolutionNode = FALSE
	EndGlobalSection
	GlobalSection(ExtensibilityGlobals) = postSolution
		SolutionGuid = {D1EC8314-3356-49A3-BE2B-D991DA4A4173}
	EndGlobalSection
EndGlobal
